// !$*UTF8*$!
{
	archiveVersion = 1;
	classes = {
	};
	objectVersion = 46;
	objects = {

/* Begin PBXBuildFile section */
		095FF02819A61EF300A083CF /* Foundation.framework in Frameworks */ = {isa = PBXBuildFile; fileRef = 095FF02719A61EF300A083CF /* Foundation.framework */; };
		095FF02A19A61EF300A083CF /* CoreGraphics.framework in Frameworks */ = {isa = PBXBuildFile; fileRef = 095FF02919A61EF300A083CF /* CoreGraphics.framework */; };
		095FF02C19A61EF300A083CF /* UIKit.framework in Frameworks */ = {isa = PBXBuildFile; fileRef = 095FF02B19A61EF300A083CF /* UIKit.framework */; };
		095FF03219A61EF300A083CF /* InfoPlist.strings in Resources */ = {isa = PBXBuildFile; fileRef = 095FF03019A61EF300A083CF /* InfoPlist.strings */; };
		095FF03419A61EF300A083CF /* main.m in Sources */ = {isa = PBXBuildFile; fileRef = 095FF03319A61EF300A083CF /* main.m */; };
		095FF03819A61EF300A083CF /* CCAppDelegate.m in Sources */ = {isa = PBXBuildFile; fileRef = 095FF03719A61EF300A083CF /* CCAppDelegate.m */; };
		095FF03B19A61EF300A083CF /* Main.storyboard in Resources */ = {isa = PBXBuildFile; fileRef = 095FF03919A61EF300A083CF /* Main.storyboard */; };
		095FF03E19A61EF300A083CF /* CCViewController.m in Sources */ = {isa = PBXBuildFile; fileRef = 095FF03D19A61EF300A083CF /* CCViewController.m */; };
		095FF04019A61EF300A083CF /* Images.xcassets in Resources */ = {isa = PBXBuildFile; fileRef = 095FF03F19A61EF300A083CF /* Images.xcassets */; };
		095FF04719A61EF300A083CF /* XCTest.framework in Frameworks */ = {isa = PBXBuildFile; fileRef = 095FF04619A61EF300A083CF /* XCTest.framework */; };
		095FF04819A61EF300A083CF /* Foundation.framework in Frameworks */ = {isa = PBXBuildFile; fileRef = 095FF02719A61EF300A083CF /* Foundation.framework */; };
		095FF04919A61EF300A083CF /* UIKit.framework in Frameworks */ = {isa = PBXBuildFile; fileRef = 095FF02B19A61EF300A083CF /* UIKit.framework */; };
		095FF05119A61EF300A083CF /* InfoPlist.strings in Resources */ = {isa = PBXBuildFile; fileRef = 095FF04F19A61EF300A083CF /* InfoPlist.strings */; };
		095FF05319A61EF300A083CF /* Git_TestTests.m in Sources */ = {isa = PBXBuildFile; fileRef = 095FF05219A61EF300A083CF /* Git_TestTests.m */; };
/* End PBXBuildFile section */

/* Begin PBXContainerItemProxy section */
		095FF04A19A61EF300A083CF /* PBXContainerItemProxy */ = {
			isa = PBXContainerItemProxy;
			containerPortal = 095FF01C19A61EF300A083CF /* Project object */;
			proxyType = 1;
			remoteGlobalIDString = 095FF02319A61EF300A083CF;
			remoteInfo = "Git Test";
		};
/* End PBXContainerItemProxy section */

/* Begin PBXFileReference section */
		095FF02419A61EF300A083CF /* Git Test.app */ = {isa = PBXFileReference; explicitFileType = wrapper.application; includeInIndex = 0; path = "Git Test.app"; sourceTree = BUILT_PRODUCTS_DIR; };
		095FF02719A61EF300A083CF /* Foundation.framework */ = {isa = PBXFileReference; lastKnownFileType = wrapper.framework; name = Foundation.framework; path = System/Library/Frameworks/Foundation.framework; sourceTree = SDKROOT; };
		095FF02919A61EF300A083CF /* CoreGraphics.framework */ = {isa = PBXFileReference; lastKnownFileType = wrapper.framework; name = CoreGraphics.framework; path = System/Library/Frameworks/CoreGraphics.framework; sourceTree = SDKROOT; };
		095FF02B19A61EF300A083CF /* UIKit.framework */ = {isa = PBXFileReference; lastKnownFileType = wrapper.framework; name = UIKit.framework; path = System/Library/Frameworks/UIKit.framework; sourceTree = SDKROOT; };
		095FF02F19A61EF300A083CF /* Git Test-Info.plist */ = {isa = PBXFileReference; lastKnownFileType = text.plist.xml; path = "Git Test-Info.plist"; sourceTree = "<group>"; };
		095FF03119A61EF300A083CF /* en */ = {isa = PBXFileReference; lastKnownFileType = text.plist.strings; name = en; path = en.lproj/InfoPlist.strings; sourceTree = "<group>"; };
		095FF03319A61EF300A083CF /* main.m */ = {isa = PBXFileReference; lastKnownFileType = sourcecode.c.objc; path = main.m; sourceTree = "<group>"; };
		095FF03519A61EF300A083CF /* Git Test-Prefix.pch */ = {isa = PBXFileReference; lastKnownFileType = sourcecode.c.h; path = "Git Test-Prefix.pch"; sourceTree = "<group>"; };
		095FF03619A61EF300A083CF /* CCAppDelegate.h */ = {isa = PBXFileReference; lastKnownFileType = sourcecode.c.h; path = CCAppDelegate.h; sourceTree = "<group>"; };
		095FF03719A61EF300A083CF /* CCAppDelegate.m */ = {isa = PBXFileReference; lastKnownFileType = sourcecode.c.objc; path = CCAppDelegate.m; sourceTree = "<group>"; };
		095FF03A19A61EF300A083CF /* Base */ = {isa = PBXFileReference; lastKnownFileType = file.storyboard; name = Base; path = Base.lproj/Main.storyboard; sourceTree = "<group>"; };
		095FF03C19A61EF300A083CF /* CCViewController.h */ = {isa = PBXFileReference; lastKnownFileType = sourcecode.c.h; path = CCViewController.h; sourceTree = "<group>"; };
		095FF03D19A61EF300A083CF /* CCViewController.m */ = {isa = PBXFileReference; lastKnownFileType = sourcecode.c.objc; path = CCViewController.m; sourceTree = "<group>"; };
		095FF03F19A61EF300A083CF /* Images.xcassets */ = {isa = PBXFileReference; lastKnownFileType = folder.assetcatalog; path = Images.xcassets; sourceTree = "<group>"; };
		095FF04519A61EF300A083CF /* Git TestTests.xctest */ = {isa = PBXFileReference; explicitFileType = wrapper.cfbundle; includeInIndex = 0; path = "Git TestTests.xctest"; sourceTree = BUILT_PRODUCTS_DIR; };
		095FF04619A61EF300A083CF /* XCTest.framework */ = {isa = PBXFileReference; lastKnownFileType = wrapper.framework; name = XCTest.framework; path = Library/Frameworks/XCTest.framework; sourceTree = DEVELOPER_DIR; };
		095FF04E19A61EF300A083CF /* Git TestTests-Info.plist */ = {isa = PBXFileReference; lastKnownFileType = text.plist.xml; path = "Git TestTests-Info.plist"; sourceTree = "<group>"; };
		095FF05019A61EF300A083CF /* en */ = {isa = PBXFileReference; lastKnownFileType = text.plist.strings; name = en; path = en.lproj/InfoPlist.strings; sourceTree = "<group>"; };
		095FF05219A61EF300A083CF /* Git_TestTests.m */ = {isa = PBXFileReference; lastKnownFileType = sourcecode.c.objc; path = Git_TestTests.m; sourceTree = "<group>"; };
/* End PBXFileReference section */

/* Begin PBXFrameworksBuildPhase section */
		095FF02119A61EF300A083CF /* Frameworks */ = {
			isa = PBXFrameworksBuildPhase;
			buildActionMask = 2147483647;
			files = (
				095FF02A19A61EF300A083CF /* CoreGraphics.framework in Frameworks */,
				095FF02C19A61EF300A083CF /* UIKit.framework in Frameworks */,
				095FF02819A61EF300A083CF /* Foundation.framework in Frameworks */,
			);
			runOnlyForDeploymentPostprocessing = 0;
		};
		095FF04219A61EF300A083CF /* Frameworks */ = {
			isa = PBXFrameworksBuildPhase;
			buildActionMask = 2147483647;
			files = (
				095FF04719A61EF300A083CF /* XCTest.framework in Frameworks */,
				095FF04919A61EF300A083CF /* UIKit.framework in Frameworks */,
				095FF04819A61EF300A083CF /* Foundation.framework in Frameworks */,
			);
			runOnlyForDeploymentPostprocessing = 0;
		};
/* End PBXFrameworksBuildPhase section */

/* Begin PBXGroup section */
		095FF01B19A61EF300A083CF = {
			isa = PBXGroup;
			children = (
				095FF02D19A61EF300A083CF /* Git Test */,
				095FF04C19A61EF300A083CF /* Git TestTests */,
				095FF02619A61EF300A083CF /* Frameworks */,
				095FF02519A61EF300A083CF /* Products */,
			);
			sourceTree = "<group>";
		};
		095FF02519A61EF300A083CF /* Products */ = {
			isa = PBXGroup;
			children = (
				095FF02419A61EF300A083CF /* Git Test.app */,
				095FF04519A61EF300A083CF /* Git TestTests.xctest */,
			);
			name = Products;
			sourceTree = "<group>";
		};
		095FF02619A61EF300A083CF /* Frameworks */ = {
			isa = PBXGroup;
			children = (
				095FF02719A61EF300A083CF /* Foundation.framework */,
				095FF02919A61EF300A083CF /* CoreGraphics.framework */,
				095FF02B19A61EF300A083CF /* UIKit.framework */,
				095FF04619A61EF300A083CF /* XCTest.framework */,
			);
			name = Frameworks;
			sourceTree = "<group>";
		};
		095FF02D19A61EF300A083CF /* Git Test */ = {
			isa = PBXGroup;
			children = (
				095FF03619A61EF300A083CF /* CCAppDelegate.h */,
				095FF03719A61EF300A083CF /* CCAppDelegate.m */,
				095FF03919A61EF300A083CF /* Main.storyboard */,
				095FF03C19A61EF300A083CF /* CCViewController.h */,
				095FF03D19A61EF300A083CF /* CCViewController.m */,
				095FF03F19A61EF300A083CF /* Images.xcassets */,
				095FF02E19A61EF300A083CF /* Supporting Files */,
			);
			path = "Git Test";
			sourceTree = "<group>";
		};
		095FF02E19A61EF300A083CF /* Supporting Files */ = {
			isa = PBXGroup;
			children = (
				095FF02F19A61EF300A083CF /* Git Test-Info.plist */,
				095FF03019A61EF300A083CF /* InfoPlist.strings */,
				095FF03319A61EF300A083CF /* main.m */,
				095FF03519A61EF300A083CF /* Git Test-Prefix.pch */,
			);
			name = "Supporting Files";
			sourceTree = "<group>";
		};
		095FF04C19A61EF300A083CF /* Git TestTests */ = {
			isa = PBXGroup;
			children = (
				095FF05219A61EF300A083CF /* Git_TestTests.m */,
				095FF04D19A61EF300A083CF /* Supporting Files */,
			);
			path = "Git TestTests";
			sourceTree = "<group>";
		};
		095FF04D19A61EF300A083CF /* Supporting Files */ = {
			isa = PBXGroup;
			children = (
				095FF04E19A61EF300A083CF /* Git TestTests-Info.plist */,
				095FF04F19A61EF300A083CF /* InfoPlist.strings */,
			);
			name = "Supporting Files";
			sourceTree = "<group>";
		};
/* End PBXGroup section */

/* Begin PBXNativeTarget section */
		095FF02319A61EF300A083CF /* Git Test */ = {
			isa = PBXNativeTarget;
			buildConfigurationList = 095FF05619A61EF300A083CF /* Build configuration list for PBXNativeTarget "Git Test" */;
			buildPhases = (
				095FF02019A61EF300A083CF /* Sources */,
				095FF02119A61EF300A083CF /* Frameworks */,
				095FF02219A61EF300A083CF /* Resources */,
			);
			buildRules = (
			);
			dependencies = (
			);
			name = "Git Test";
			productName = "Git Test";
			productReference = 095FF02419A61EF300A083CF /* Git Test.app */;
			productType = "com.apple.product-type.application";
		};
		095FF04419A61EF300A083CF /* Git TestTests */ = {
			isa = PBXNativeTarget;
			buildConfigurationList = 095FF05919A61EF300A083CF /* Build configuration list for PBXNativeTarget "Git TestTests" */;
			buildPhases = (
				095FF04119A61EF300A083CF /* Sources */,
				095FF04219A61EF300A083CF /* Frameworks */,
				095FF04319A61EF300A083CF /* Resources */,
			);
			buildRules = (
			);
			dependencies = (
				095FF04B19A61EF300A083CF /* PBXTargetDependency */,
			);
			name = "Git TestTests";
			productName = "Git TestTests";
			productReference = 095FF04519A61EF300A083CF /* Git TestTests.xctest */;
			productType = "com.apple.product-type.bundle.unit-test";
		};
/* End PBXNativeTarget section */

/* Begin PBXProject section */
		095FF01C19A61EF300A083CF /* Project object */ = {
			isa = PBXProject;
			attributes = {
				CLASSPREFIX = CC;
				LastUpgradeCheck = 0510;
				ORGANIZATIONNAME = NA;
				TargetAttributes = {
					095FF04419A61EF300A083CF = {
						TestTargetID = 095FF02319A61EF300A083CF;
					};
				};
			};
			buildConfigurationList = 095FF01F19A61EF300A083CF /* Build configuration list for PBXProject "Git Test" */;
			compatibilityVersion = "Xcode 3.2";
			developmentRegion = English;
			hasScannedForEncodings = 0;
			knownRegions = (
				en,
				Base,
			);
			mainGroup = 095FF01B19A61EF300A083CF;
			productRefGroup = 095FF02519A61EF300A083CF /* Products */;
			projectDirPath = "";
			projectRoot = "";
			targets = (
				095FF02319A61EF300A083CF /* Git Test */,
				095FF04419A61EF300A083CF /* Git TestTests */,
			);
		};
/* End PBXProject section */

/* Begin PBXResourcesBuildPhase section */
		095FF02219A61EF300A083CF /* Resources */ = {
			isa = PBXResourcesBuildPhase;
			buildActionMask = 2147483647;
			files = (
				095FF04019A61EF300A083CF /* Images.xcassets in Resources */,
				095FF03219A61EF300A083CF /* InfoPlist.strings in Resources */,
				095FF03B19A61EF300A083CF /* Main.storyboard in Resources */,
			);
			runOnlyForDeploymentPostprocessing = 0;
		};
		095FF04319A61EF300A083CF /* Resources */ = {
			isa = PBXResourcesBuildPhase;
			buildActionMask = 2147483647;
			files = (
				095FF05119A61EF300A083CF /* InfoPlist.strings in Resources */,
			);
			runOnlyForDeploymentPostprocessing = 0;
		};
/* End PBXResourcesBuildPhase section */

/* Begin PBXSourcesBuildPhase section */
		095FF02019A61EF300A083CF /* Sources */ = {
			isa = PBXSourcesBuildPhase;
			buildActionMask = 2147483647;
			files = (
				095FF03819A61EF300A083CF /* CCAppDelegate.m in Sources */,
				095FF03419A61EF300A083CF /* main.m in Sources */,
				095FF03E19A61EF300A083CF /* CCViewController.m in Sources */,
			);
			runOnlyForDeploymentPostprocessing = 0;
		};
		095FF04119A61EF300A083CF /* Sources */ = {
			isa = PBXSourcesBuildPhase;
			buildActionMask = 2147483647;
			files = (
				095FF05319A61EF300A083CF /* Git_TestTests.m in Sources */,
			);
			runOnlyForDeploymentPostprocessing = 0;
		};
/* End PBXSourcesBuildPhase section */

/* Begin PBXTargetDependency section */
		095FF04B19A61EF300A083CF /* PBXTargetDependency */ = {
			isa = PBXTargetDependency;
			target = 095FF02319A61EF300A083CF /* Git Test */;
			targetProxy = 095FF04A19A61EF300A083CF /* PBXContainerItemProxy */;
		};
/* End PBXTargetDependency section */

/* Begin PBXVariantGroup section */
		095FF03019A61EF300A083CF /* InfoPlist.strings */ = {
			isa = PBXVariantGroup;
			children = (
				095FF03119A61EF300A083CF /* en */,
			);
			name = InfoPlist.strings;
			sourceTree = "<group>";
		};
		095FF03919A61EF300A083CF /* Main.storyboard */ = {
			isa = PBXVariantGroup;
			children = (
				095FF03A19A61EF300A083CF /* Base */,
			);
			name = Main.storyboard;
			sourceTree = "<group>";
		};
		095FF04F19A61EF300A083CF /* InfoPlist.strings */ = {
			isa = PBXVariantGroup;
			children = (
				095FF05019A61EF300A083CF /* en */,
			);
			name = InfoPlist.strings;
			sourceTree = "<group>";
		};
/* End PBXVariantGroup section */

/* Begin XCBuildConfiguration section */
		095FF05419A61EF300A083CF /* Debug */ = {
			isa = XCBuildConfiguration;
			buildSettings = {
				ALWAYS_SEARCH_USER_PATHS = NO;
				CLANG_CXX_LANGUAGE_STANDARD = "gnu++0x";
				CLANG_CXX_LIBRARY = "libc++";
				CLANG_ENABLE_MODULES = YES;
				CLANG_ENABLE_OBJC_ARC = YES;
				CLANG_WARN_BOOL_CONVERSION = YES;
				CLANG_WARN_CONSTANT_CONVERSION = YES;
				CLANG_WARN_DIRECT_OBJC_ISA_USAGE = YES_ERROR;
				CLANG_WARN_EMPTY_BODY = YES;
				CLANG_WARN_ENUM_CONVERSION = YES;
				CLANG_WARN_INT_CONVERSION = YES;
				CLANG_WARN_OBJC_ROOT_CLASS = YES_ERROR;
				CLANG_WARN__DUPLICATE_METHOD_MATCH = YES;
				"CODE_SIGN_IDENTITY[sdk=iphoneos*]" = "iPhone Developer";
				COPY_PHASE_STRIP = NO;
				GCC_C_LANGUAGE_STANDARD = gnu99;
				GCC_DYNAMIC_NO_PIC = NO;
				GCC_OPTIMIZATION_LEVEL = 0;
				GCC_PREPROCESSOR_DEFINITIONS = (
					"DEBUG=1",
					"$(inherited)",
				);
				GCC_SYMBOLS_PRIVATE_EXTERN = NO;
				GCC_WARN_64_TO_32_BIT_CONVERSION = YES;
				GCC_WARN_ABOUT_RETURN_TYPE = YES_ERROR;
				GCC_WARN_UNDECLARED_SELECTOR = YES;
				GCC_WARN_UNINITIALIZED_AUTOS = YES_AGGRESSIVE;
				GCC_WARN_UNUSED_FUNCTION = YES;
				GCC_WARN_UNUSED_VARIABLE = YES;
				IPHONEOS_DEPLOYMENT_TARGET = 7.1;
				ONLY_ACTIVE_ARCH = YES;
				SDKROOT = iphoneos;
			};
			name = Debug;
		};
		095FF05519A61EF300A083CF /* Release */ = {
			isa = XCBuildConfiguration;
			buildSettings = {
				ALWAYS_SEARCH_USER_PATHS = NO;
				CLANG_CXX_LANGUAGE_STANDARD = "gnu++0x";
				CLANG_CXX_LIBRARY = "libc++";
				CLANG_ENABLE_MODULES = YES;
				CLANG_ENABLE_OBJC_ARC = YES;
				CLANG_WARN_BOOL_CONVERSION = YES;
				CLANG_WARN_CONSTANT_CONVERSION = YES;
				CLANG_WARN_DIRECT_OBJC_ISA_USAGE = YES_ERROR;
				CLANG_WARN_EMPTY_BODY = YES;
				CLANG_WARN_ENUM_CONVERSION = YES;
				CLANG_WARN_INT_CONVERSION = YES;
				CLANG_WARN_OBJC_ROOT_CLASS = YES_ERROR;
				CLANG_WARN__DUPLICATE_METHOD_MATCH = YES;
				"CODE_SIGN_IDENTITY[sdk=iphoneos*]" = "iPhone Developer";
				COPY_PHASE_STRIP = YES;
				ENABLE_NS_ASSERTIONS = NO;
				GCC_C_LANGUAGE_STANDARD = gnu99;
				GCC_WARN_64_TO_32_BIT_CONVERSION = YES;
				GCC_WARN_ABOUT_RETURN_TYPE = YES_ERROR;
				GCC_WARN_UNDECLARED_SELECTOR = YES;
				GCC_WARN_UNINITIALIZED_AUTOS = YES_AGGRESSIVE;
				GCC_WARN_UNUSED_FUNCTION = YES;
				GCC_WARN_UNUSED_VARIABLE = YES;
				IPHONEOS_DEPLOYMENT_TARGET = 7.1;
				SDKROOT = iphoneos;
				VALIDATE_PRODUCT = YES;
			};
			name = Release;
		};
		095FF05719A61EF300A083CF /* Debug */ = {
			isa = XCBuildConfiguration;
			buildSettings = {
				ASSETCATALOG_COMPILER_APPICON_NAME = AppIcon;
				ASSETCATALOG_COMPILER_LAUNCHIMAGE_NAME = LaunchImage;
				GCC_PRECOMPILE_PREFIX_HEADER = YES;
				GCC_PREFIX_HEADER = "Git Test/Git Test-Prefix.pch";
				INFOPLIST_FILE = "Git Test/Git Test-Info.plist";
				PRODUCT_NAME = "$(TARGET_NAME)";
				WRAPPER_EXTENSION = app;
			};
			name = Debug;
		};
		095FF05819A61EF300A083CF /* Release */ = {
			isa = XCBuildConfiguration;
			buildSettings = {
				ASSETCATALOG_COMPILER_APPICON_NAME = AppIcon;
				ASSETCATALOG_COMPILER_LAUNCHIMAGE_NAME = LaunchImage;
				GCC_PRECOMPILE_PREFIX_HEADER = YES;
				GCC_PREFIX_HEADER = "Git Test/Git Test-Prefix.pch";
				INFOPLIST_FILE = "Git Test/Git Test-Info.plist";
				PRODUCT_NAME = "$(TARGET_NAME)";
				WRAPPER_EXTENSION = app;
			};
			name = Release;
		};
		095FF05A19A61EF300A083CF /* Debug */ = {
			isa = XCBuildConfiguration;
			buildSettings = {
				BUNDLE_LOADER = "$(BUILT_PRODUCTS_DIR)/Git Test.app/Git Test";
				FRAMEWORK_SEARCH_PATHS = (
					"$(SDKROOT)/Developer/Library/Frameworks",
					"$(inherited)",
					"$(DEVELOPER_FRAMEWORKS_DIR)",
				);
				GCC_PRECOMPILE_PREFIX_HEADER = YES;
				GCC_PREFIX_HEADER = "Git Test/Git Test-Prefix.pch";
				GCC_PREPROCESSOR_DEFINITIONS = (
					"DEBUG=1",
					"$(inherited)",
				);
				INFOPLIST_FILE = "Git TestTests/Git TestTests-Info.plist";
				PRODUCT_NAME = "$(TARGET_NAME)";
				TEST_HOST = "$(BUNDLE_LOADER)";
				WRAPPER_EXTENSION = xctest;
			};
			name = Debug;
		};
		095FF05B19A61EF300A083CF /* Release */ = {
			isa = XCBuildConfiguration;
			buildSettings = {
				BUNDLE_LOADER = "$(BUILT_PRODUCTS_DIR)/Git Test.app/Git Test";
				FRAMEWORK_SEARCH_PATHS = (
					"$(SDKROOT)/Developer/Library/Frameworks",
					"$(inherited)",
					"$(DEVELOPER_FRAMEWORKS_DIR)",
				);
				GCC_PRECOMPILE_PREFIX_HEADER = YES;
				GCC_PREFIX_HEADER = "Git Test/Git Test-Prefix.pch";
				INFOPLIST_FILE = "Git TestTests/Git TestTests-Info.plist";
				PRODUCT_NAME = "$(TARGET_NAME)";
				TEST_HOST = "$(BUNDLE_LOADER)";
				WRAPPER_EXTENSION = xctest;
			};
			name = Release;
		};
/* End XCBuildConfiguration section */

/* Begin XCConfigurationList section */
		095FF01F19A61EF300A083CF /* Build configuration list for PBXProject "Git Test" */ = {
			isa = XCConfigurationList;
			buildConfigurations = (
				095FF05419A61EF300A083CF /* Debug */,
				095FF05519A61EF300A083CF /* Release */,
			);
			defaultConfigurationIsVisible = 0;
			defaultConfigurationName = Release;
		};
		095FF05619A61EF300A083CF /* Build configuration list for PBXNativeTarget "Git Test" */ = {
			isa = XCConfigurationList;
			buildConfigurations = (
				095FF05719A61EF300A083CF /* Debug */,
				095FF05819A61EF300A083CF /* Release */,
			);
			defaultConfigurationIsVisible = 0;
		};
		095FF05919A61EF300A083CF /* Build configuration list for PBXNativeTarget "Git TestTests" */ = {
			isa = XCConfigurationList;
			buildConfigurations = (
				095FF05A19A61EF300A083CF /* Debug */,
				095FF05B19A61EF300A083CF /* Release */,
			);
			defaultConfigurationIsVisible = 0;
		};
/* End XCConfigurationList section */
	};
	rootObject = 095FF01C19A61EF300A083CF /* Project object */;
}
